
Microsoft Visual Studio Solution File, Format Version 12.00
# Visual Studio Version 16
VisualStudioVersion = 16.0.28803.156
MinimumVisualStudioVersion = 10.0.40219.1
Project("{9A19103F-16F7-4668-BE54-9A1E7A4F7556}") = "Domain", "src\Domain\Domain.csproj", "{A3A3788D-0A4E-41DA-A482-2E3109B7477F}"
EndProject
Project("{9A19103F-16F7-4668-BE54-9A1E7A4F7556}") = "Process", "src\Process\Process.csproj", "{A94ED760-81AA-4767-8666-317F257113A3}"
EndProject
Project("{9A19103F-16F7-4668-BE54-9A1E7A4F7556}") = "Api", "src\Api\Api.csproj", "{728D86A7-96AD-4B34-9B05-85FC1014C08E}"
EndProject
Project("{9A19103F-16F7-4668-BE54-9A1E7A4F7556}") = "Adapter.Azure", "src\Adapter.Azure\Adapter.Azure.csproj", "{550EE1FB-CDEF-40BB-BD5A-AF5380AB76AF}"
EndProject
Project("{FAE04EC0-301F-11D3-BF4B-00C04F79EFBC}") = "Integration.Tests", "tests\Integration.Tests\Integration.Tests.csproj", "{890C1802-F573-4246-AD7B-C2C7DB261B5F}"
EndProject
Global
	GlobalSection(SolutionConfigurationPlatforms) = preSolution
		Debug|Any CPU = Debug|Any CPU
		Release|Any CPU = Release|Any CPU
	EndGlobalSection
	GlobalSection(ProjectConfigurationPlatforms) = postSolution
		{A3A3788D-0A4E-41DA-A482-2E3109B7477F}.Debug|Any CPU.ActiveCfg = Debug|Any CPU
		{A3A3788D-0A4E-41DA-A482-2E3109B7477F}.Debug|Any CPU.Build.0 = Debug|Any CPU
		{A3A3788D-0A4E-41DA-A482-2E3109B7477F}.Release|Any CPU.ActiveCfg = Release|Any CPU
		{A3A3788D-0A4E-41DA-A482-2E3109B7477F}.Release|Any CPU.Build.0 = Release|Any CPU
		{A94ED760-81AA-4767-8666-317F257113A3}.Debug|Any CPU.ActiveCfg = Debug|Any CPU
		{A94ED760-81AA-4767-8666-317F257113A3}.Debug|Any CPU.Build.0 = Debug|Any CPU
		{A94ED760-81AA-4767-8666-317F257113A3}.Release|Any CPU.ActiveCfg = Release|Any CPU
		{A94ED760-81AA-4767-8666-317F257113A3}.Release|Any CPU.Build.0 = Release|Any CPU
		{728D86A7-96AD-4B34-9B05-85FC1014C08E}.Debug|Any CPU.ActiveCfg = Debug|Any CPU
		{728D86A7-96AD-4B34-9B05-85FC1014C08E}.Debug|Any CPU.Build.0 = Debug|Any CPU
		{728D86A7-96AD-4B34-9B05-85FC1014C08E}.Release|Any CPU.ActiveCfg = Release|Any CPU
		{728D86A7-96AD-4B34-9B05-85FC1014C08E}.Release|Any CPU.Build.0 = Release|Any CPU
		{550EE1FB-CDEF-40BB-BD5A-AF5380AB76AF}.Debug|Any CPU.ActiveCfg = Debug|Any CPU
		{550EE1FB-CDEF-40BB-BD5A-AF5380AB76AF}.Debug|Any CPU.Build.0 = Debug|Any CPU
		{550EE1FB-CDEF-40BB-BD5A-AF5380AB76AF}.Release|Any CPU.ActiveCfg = Release|Any CPU
		{550EE1FB-CDEF-40BB-BD5A-AF5380AB76AF}.Release|Any CPU.Build.0 = Release|Any CPU
		{890C1802-F573-4246-AD7B-C2C7DB261B5F}.Debug|Any CPU.ActiveCfg = Debug|Any CPU
		{890C1802-F573-4246-AD7B-C2C7DB261B5F}.Debug|Any CPU.Build.0 = Debug|Any CPU
		{890C1802-F573-4246-AD7B-C2C7DB261B5F}.Release|Any CPU.ActiveCfg = Release|Any CPU
		{890C1802-F573-4246-AD7B-C2C7DB261B5F}.Release|Any CPU.Build.0 = Release|Any CPU
	EndGlobalSection
	GlobalSection(SolutionProperties) = preSolution
		HideSolutionNode = FALSE
	EndGlobalSection
	GlobalSection(ExtensibilityGlobals) = postSolution
		SolutionGuid = {17344C95-3236-4BD7-BD2F-3CC4E5957951}
	EndGlobalSection
EndGlobal
